
Microsoft Visual Studio Solution File, Format Version 12.00
# Visual Studio Version 17
VisualStudioVersion = 17.14.36616.10 d17.14
MinimumVisualStudioVersion = 10.0.40219.1
Project("{888888A0-9F3D-457C-B088-3A5042F75D52}") = "esab_recommender", "esab_recommender.pyproj", "{6305E786-844B-40EB-BB57-DFFE697384D1}"
EndProject
Global
	GlobalSection(SolutionConfigurationPlatforms) = preSolution
		Debug|Any CPU = Debug|Any CPU
		Release|Any CPU = Release|Any CPU
	EndGlobalSection
	GlobalSection(ProjectConfigurationPlatforms) = postSolution
		{6305E786-844B-40EB-BB57-DFFE697384D1}.Debug|Any CPU.ActiveCfg = Debug|Any CPU
		{6305E786-844B-40EB-BB57-DFFE697384D1}.Release|Any CPU.ActiveCfg = Release|Any CPU
	EndGlobalSection
	GlobalSection(SolutionProperties) = preSolution
		HideSolutionNode = FALSE
	EndGlobalSection
	GlobalSection(ExtensibilityGlobals) = postSolution
		SolutionGuid = {89529F26-0ABB-45A6-9E9D-7B4EB678EEF1}
	EndGlobalSection
EndGlobal
